
Microsoft Visual Studio Solution File, Format Version 12.00
# Visual Studio 2013
VisualStudioVersion = 12.0.40629.0
MinimumVisualStudioVersion = 10.0.40219.1
Project("{FAE04EC0-301F-11D3-BF4B-00C04F79EFBC}") = "MathStuff", "MathStuff\MathStuff.csproj", "{D41AB103-A962-475E-BB5D-22A5A91FC9EF}"
EndProject
Project("{FAE04EC0-301F-11D3-BF4B-00C04F79EFBC}") = "Primes", "Primes\Primes.csproj", "{3A04E80B-38A0-4A6C-995E-0F4640A1D9EE}"
EndProject
Global
	GlobalSection(SolutionConfigurationPlatforms) = preSolution
		Debug|Any CPU = Debug|Any CPU
		Release|Any CPU = Release|Any CPU
	EndGlobalSection
	GlobalSection(ProjectConfigurationPlatforms) = postSolution
		{D41AB103-A962-475E-BB5D-22A5A91FC9EF}.Debug|Any CPU.ActiveCfg = Debug|Any CPU
		{D41AB103-A962-475E-BB5D-22A5A91FC9EF}.Debug|Any CPU.Build.0 = Debug|Any CPU
		{D41AB103-A962-475E-BB5D-22A5A91FC9EF}.Release|Any CPU.ActiveCfg = Release|Any CPU
		{D41AB103-A962-475E-BB5D-22A5A91FC9EF}.Release|Any CPU.Build.0 = Release|Any CPU
		{3A04E80B-38A0-4A6C-995E-0F4640A1D9EE}.Debug|Any CPU.ActiveCfg = Debug|Any CPU
		{3A04E80B-38A0-4A6C-995E-0F4640A1D9EE}.Debug|Any CPU.Build.0 = Debug|Any CPU
		{3A04E80B-38A0-4A6C-995E-0F4640A1D9EE}.Release|Any CPU.ActiveCfg = Release|Any CPU
		{3A04E80B-38A0-4A6C-995E-0F4640A1D9EE}.Release|Any CPU.Build.0 = Release|Any CPU
	EndGlobalSection
	GlobalSection(SolutionProperties) = preSolution
		HideSolutionNode = FALSE
	EndGlobalSection
EndGlobal
